PODS:
  - Nimble (8.0.9)
  - PriceKit (1.1.1)
  - Quick (2.2.0)

DEPENDENCIES:
  - Nimble
  - PriceKit (from `../`)
  - Quick

SPEC REPOS:
  trunk:
    - Nimble
    - Quick

EXTERNAL SOURCES:
  PriceKit:
    :path: "../"

SPEC CHECKSUMS:
  Nimble: 98b888285a615fd34f20e61753cf58ea1402bde4
  PriceKit: 161a745d06190414f5b02905810a1a7ddf0a1df7
  Quick: 7fb19e13be07b5dfb3b90d4f9824c855a11af40e

PODFILE CHECKSUM: db9a3ccaae54a41d3942456969aede15ece34f3f

COCOAPODS: 1.9.3
